
Microsoft Visual Studio Solution File, Format Version 12.00
# Visual Studio Version 17
VisualStudioVersion = 17.0.32126.317
MinimumVisualStudioVersion = 10.0.40219.1
Project("{FAE04EC0-301F-11D3-BF4B-00C04F79EFBC}") = "Vsphereparse", "Vsphereparse.csproj", "{C53D6712-96F0-4D3B-8A39-AC7A704ADEAB}"
EndProject
Global
	GlobalSection(SolutionConfigurationPlatforms) = preSolution
		Debug|Any CPU = Debug|Any CPU
		Release|Any CPU = Release|Any CPU
	EndGlobalSection
	GlobalSection(ProjectConfigurationPlatforms) = postSolution
		{C53D6712-96F0-4D3B-8A39-AC7A704ADEAB}.Debug|Any CPU.ActiveCfg = Debug|Any CPU
		{C53D6712-96F0-4D3B-8A39-AC7A704ADEAB}.Debug|Any CPU.Build.0 = Debug|Any CPU
		{C53D6712-96F0-4D3B-8A39-AC7A704ADEAB}.Release|Any CPU.ActiveCfg = Release|Any CPU
		{C53D6712-96F0-4D3B-8A39-AC7A704ADEAB}.Release|Any CPU.Build.0 = Release|Any CPU
	EndGlobalSection
	GlobalSection(SolutionProperties) = preSolution
		HideSolutionNode = FALSE
	EndGlobalSection
	GlobalSection(ExtensibilityGlobals) = postSolution
		SolutionGuid = {D7C0BA4E-2C73-463C-BB17-6ACE9DB995E4}
	EndGlobalSection
EndGlobal
